<?xml version="1.0" encoding="utf-8"?>
<Project ToolsVersion="4.0" xmlns="http://schemas.microsoft.com/developer/msbuild/2003">
  <ItemGroup>
    <Filter Include="Resource Files">
      <UniqueIdentifier>{67DA6AB6-F800-4c08-8B7A-83BB121AAD01}</UniqueIdentifier>
      <Extensions>rc;ico;cur;bmp;dlg;rc2;rct;bin;rgs;gif;jpg;jpeg;jpe;resx;tiff;tif;png;wav;mfcribbon-ms</Extensions>
    </Filter>
    <Filter Include="Main">
      <UniqueIdentifier>{76e5de84-807a-4360-ab73-0b32a60c5150}</UniqueIdentifier>
    </Filter>
    <Filter Include="Main\Source Files">
      <UniqueIdentifier>{4FC737F1-C7A5-4376-A066-2A32D752A2FF}</UniqueIdentifier>
      <Extensions>cpp;c;cc;cxx;def;odl;idl;hpj;bat;asm;asmx</Extensions>
    </Filter>
    <Filter Include="Main\Header Files">
      <UniqueIdentifier>{93995380-89BD-4b04-88EB-625FBE52EBFB}</UniqueIdentifier>
      <Extensions>h;hh;hpp;hxx;hm;inl;inc;ipp;xsd</Extensions>
    </Filter>
    <Filter Include="Creational">
      <UniqueIdentifier>{bbab0fb6-f93b-4e27-91d6-bad49172c756}</UniqueIdentifier>
    </Filter>
    <Filter Include="Creational\Header Files">
      <UniqueIdentifier>{3f9fe1b3-764c-4a12-ad3f-1dc42df91e22}</UniqueIdentifier>
      <Extensions>h;hh;hpp;hxx;hm;inl;inc;ipp;xsd</Extensions>
    </Filter>
    <Filter Include="Creational\Source Files">
      <UniqueIdentifier>{4b9f282b-4b53-4c46-ba3e-fee48c87507b}</UniqueIdentifier>
      <Extensions>cpp;c;cc;cxx;def;odl;idl;hpj;bat;asm;asmx</Extensions>
    </Filter>
    <Filter Include="Structural">
      <UniqueIdentifier>{3c0bde65-73fe-4115-b06c-e9d277fc3be1}</UniqueIdentifier>
    </Filter>
    <Filter Include="Structural\Header Files">
      <UniqueIdentifier>{effa6734-d2f3-4987-a702-7354174c1f39}</UniqueIdentifier>
      <Extensions>h;hh;hpp;hxx;hm;inl;inc;ipp;xsd</Extensions>
    </Filter>
    <Filter Include="Structural\Source Files">
      <UniqueIdentifier>{5dcff9c6-9fb6-428e-aad3-be054e8bb8ea}</UniqueIdentifier>
      <Extensions>cpp;c;cc;cxx;def;odl;idl;hpj;bat;asm;asmx</Extensions>
    </Filter>
  </ItemGroup>
  <ItemGroup>
    <ClInclude Include="framework.h">
      <Filter>Main\Header Files</Filter>
    </ClInclude>
    <ClInclude Include="pch.h">
      <Filter>Main\Header Files</Filter>
    </ClInclude>
    <ClInclude Include="..\lib\C++\PaDCollection.hpp">
      <Filter>Main\Header Files</Filter>
    </ClInclude>
    <ClInclude Include="..\lib\C++\PaDData.hpp">
      <Filter>Main\Header Files</Filter>
    </ClInclude>
    <ClInclude Include="..\lib\C++\PaDException.hpp">
      <Filter>Main\Header Files</Filter>
    </ClInclude>
    <ClInclude Include="..\lib\C++\PaDGraph.hpp">
      <Filter>Main\Header Files</Filter>
    </ClInclude>
    <ClInclude Include="..\lib\C++\PaDInitializer.hpp">
      <Filter>Main\Header Files</Filter>
    </ClInclude>
    <ClInclude Include="..\lib\C++\PaDIterator.hpp">
      <Filter>Main\Header Files</Filter>
    </ClInclude>
    <ClInclude Include="..\lib\C++\PaDList.hpp">
      <Filter>Main\Header Files</Filter>
    </ClInclude>
    <ClInclude Include="..\lib\C++\PaDObject.hpp">
      <Filter>Main\Header Files</Filter>
    </ClInclude>
    <ClInclude Include="..\lib\C++\PaDSerializable.hpp">
      <Filter>Main\Header Files</Filter>
    </ClInclude>
    <ClInclude Include="..\lib\C++\PaDTypes.hpp">
      <Filter>Main\Header Files</Filter>
    </ClInclude>
    <ClInclude Include="..\lib\C++\PaDBuilder.hpp">
      <Filter>Creational\Header Files</Filter>
    </ClInclude>
    <ClInclude Include="..\lib\C++\PaDConcreteBuilderB.hpp">
      <Filter>Creational\Header Files</Filter>
    </ClInclude>
    <ClInclude Include="..\lib\C++\PaDConcreteBuilderC.hpp">
      <Filter>Creational\Header Files</Filter>
    </ClInclude>
    <ClInclude Include="..\lib\C++\PaDConcreteCreatorA.hpp">
      <Filter>Creational\Header Files</Filter>
    </ClInclude>
    <ClInclude Include="..\lib\C++\PaDConcreteFactory.hpp">
      <Filter>Creational\Header Files</Filter>
    </ClInclude>
    <ClInclude Include="..\lib\C++\PaDConcreteProductA.hpp">
      <Filter>Creational\Header Files</Filter>
    </ClInclude>
    <ClInclude Include="..\lib\C++\PaDConcreteProductB.hpp">
      <Filter>Creational\Header Files</Filter>
    </ClInclude>
    <ClInclude Include="..\lib\C++\PaDConcreteProductC.hpp">
      <Filter>Creational\Header Files</Filter>
    </ClInclude>
    <ClInclude Include="..\lib\C++\PaDConcretePrototype.hpp">
      <Filter>Creational\Header Files</Filter>
    </ClInclude>
    <ClInclude Include="..\lib\C++\PaDConcreteResource.hpp">
      <Filter>Creational\Header Files</Filter>
    </ClInclude>
    <ClInclude Include="..\lib\C++\PaDConcreteSubPrototype.hpp">
      <Filter>Creational\Header Files</Filter>
    </ClInclude>
    <ClInclude Include="..\lib\C++\PaDConsumer.hpp">
      <Filter>Creational\Header Files</Filter>
    </ClInclude>
    <ClInclude Include="..\lib\C++\PaDCreator.hpp">
      <Filter>Creational\Header Files</Filter>
    </ClInclude>
    <ClInclude Include="..\lib\C++\PaDDirector.hpp">
      <Filter>Creational\Header Files</Filter>
    </ClInclude>
    <ClInclude Include="..\lib\C++\PaDFactory.hpp">
      <Filter>Creational\Header Files</Filter>
    </ClInclude>
    <ClInclude Include="..\lib\C++\PaDProduct.hpp">
      <Filter>Creational\Header Files</Filter>
    </ClInclude>
    <ClInclude Include="..\lib\C++\PaDPrototype.hpp">
      <Filter>Creational\Header Files</Filter>
    </ClInclude>
    <ClInclude Include="..\lib\C++\PaDResource.hpp">
      <Filter>Creational\Header Files</Filter>
    </ClInclude>
    <ClInclude Include="..\lib\C++\PaDSingelton.hpp">
      <Filter>Creational\Header Files</Filter>
    </ClInclude>
    <ClInclude Include="..\lib\C++\PaDService.hpp">
      <Filter>Main\Header Files</Filter>
    </ClInclude>
    <ClInclude Include="..\lib\C++\PaDAdapter.hpp">
      <Filter>Structural\Header Files</Filter>
    </ClInclude>
    <ClInclude Include="..\lib\C++\PaDProtocol.hpp">
      <Filter>Structural\Header Files</Filter>
    </ClInclude>
    <ClInclude Include="..\lib\C++\PaDUser.hpp">
      <Filter>Main\Header Files</Filter>
    </ClInclude>
    <ClInclude Include="..\lib\C++\PaDConcreteImplementation.hpp">
      <Filter>Structural\Header Files</Filter>
    </ClInclude>
    <ClInclude Include="..\lib\C++\PaDImplementation.hpp">
      <Filter>Structural\Header Files</Filter>
    </ClInclude>
    <ClInclude Include="..\lib\C++\PaDBridge.hpp">
      <Filter>Structural\Header Files</Filter>
    </ClInclude>
    <ClInclude Include="..\lib\C++\PaDComponent.hpp">
      <Filter>Structural\Header Files</Filter>
    </ClInclude>
    <ClInclude Include="..\lib\C++\PaDComposite.hpp">
      <Filter>Structural\Header Files</Filter>
    </ClInclude>
    <ClInclude Include="..\lib\C++\PaDConcreteComponent.hpp">
      <Filter>Structural\Header Files</Filter>
    </ClInclude>
    <ClInclude Include="..\lib\C++\PaD.hpp">
      <Filter>Main\Header Files</Filter>
    </ClInclude>
    <ClInclude Include="..\lib\C++\PaDDecorator.hpp">
      <Filter>Structural\Header Files</Filter>
    </ClInclude>
    <ClInclude Include="..\lib\C++\PaDConcreteDecorator.hpp">
      <Filter>Structural\Header Files</Filter>
    </ClInclude>
  </ItemGroup>
  <ItemGroup>
    <ClCompile Include="pch.cpp">
      <Filter>Main\Source Files</Filter>
    </ClCompile>
    <ClCompile Include="PaDException.cpp">
      <Filter>Main\Source Files</Filter>
    </ClCompile>
    <ClCompile Include="PaDObject.cpp">
      <Filter>Main\Source Files</Filter>
    </ClCompile>
    <ClCompile Include="PaDConcreteFactory.cpp">
      <Filter>Creational\Source Files</Filter>
    </ClCompile>
    <ClCompile Include="PaDConcreteProductA.cpp">
      <Filter>Creational\Source Files</Filter>
    </ClCompile>
    <ClCompile Include="PaDConcreteProductB.cpp">
      <Filter>Creational\Source Files</Filter>
    </ClCompile>
    <ClCompile Include="PaDCreator.cpp">
      <Filter>Creational\Source Files</Filter>
    </ClCompile>
    <ClCompile Include="PaDConcreteCreatorA.cpp">
      <Filter>Creational\Source Files</Filter>
    </ClCompile>
    <ClCompile Include="PaDConcreteProductC.cpp">
      <Filter>Creational\Source Files</Filter>
    </ClCompile>
    <ClCompile Include="PaDDirector.cpp">
      <Filter>Creational\Source Files</Filter>
    </ClCompile>
    <ClCompile Include="PaDConcreteBuilderC.cpp">
      <Filter>Creational\Source Files</Filter>
    </ClCompile>
    <ClCompile Include="PaDConcretePrototype.cpp">
      <Filter>Creational\Source Files</Filter>
    </ClCompile>
    <ClCompile Include="PaDConcreteSubPrototype.cpp">
      <Filter>Creational\Source Files</Filter>
    </ClCompile>
    <ClCompile Include="PaDSingelton.cpp">
      <Filter>Creational\Source Files</Filter>
    </ClCompile>
    <ClCompile Include="PaDResource.cpp">
      <Filter>Creational\Source Files</Filter>
    </ClCompile>
    <ClCompile Include="PaDInitializer.cpp">
      <Filter>Main\Source Files</Filter>
    </ClCompile>
    <ClCompile Include="PaDConcreteResource.cpp">
      <Filter>Creational\Source Files</Filter>
    </ClCompile>
    <ClCompile Include="PaDAdapter.cpp">
      <Filter>Structural\Source Files</Filter>
    </ClCompile>
    <ClCompile Include="PaDService.cpp">
      <Filter>Main\Source Files</Filter>
    </ClCompile>
    <ClCompile Include="PaDUser.cpp">
      <Filter>Main\Source Files</Filter>
    </ClCompile>
    <ClCompile Include="PaDConcreteImplementation.cpp">
      <Filter>Structural\Source Files</Filter>
    </ClCompile>
    <ClCompile Include="PaDBridge.cpp">
      <Filter>Structural\Source Files</Filter>
    </ClCompile>
    <ClCompile Include="PaDComposite.cpp">
      <Filter>Structural\Source Files</Filter>
    </ClCompile>
    <ClCompile Include="PaDConcreteComponent.cpp">
      <Filter>Structural\Source Files</Filter>
    </ClCompile>
    <ClCompile Include="PaDDecorator.cpp">
      <Filter>Structural\Source Files</Filter>
    </ClCompile>
    <ClCompile Include="PaDConcreteDecorator.cpp">
      <Filter>Structural\Source Files</Filter>
    </ClCompile>
  </ItemGroup>
</Project>